<?xml version="1.0" encoding="utf-8"?>
<Project ToolsVersion="4.0" xmlns="http://schemas.microsoft.com/developer/msbuild/2003">
  <ItemGroup>
    <Filter Include="Source">
      <UniqueIdentifier>{F7998D79-1082-4AC6-8F25-8857C5589D21}</UniqueIdentifier>
    </Filter>
  </ItemGroup>
  <ItemGroup>
    <ClCompile Include="Source\Win32EventLoop.cpp">
      <Filter>Source</Filter>
    </ClCompile>
    <ClCompile Include="Source\Win32Input.cpp">
      <Filter>Source</Filter>
    </ClCompile>
    <ClCompile Include="Source\Win32PlatformAnchor.cpp">
      <Filter>Source</Filter>
    </ClCompile>
    <ClCompile Include="Source\Win32PlatformFactory.cpp">
      <Filter>Source</Filter>
    </ClCompile>
    <ClCompile Include="Source\Win32Window.cpp">
      <Filter>Source</Filter>
    </ClCompile>
  </ItemGroup>
  <ItemGroup>
    <ClInclude Include="Source\Win32EventLoop.h">
      <Filter>Source</Filter>
    </ClInclude>
    <ClInclude Include="Source\Win32Input.h">
      <Filter>Source</Filter>
    </ClInclude>
    <ClInclude Include="Source\Win32PlatformFactory.h">
      <Filter>Source</Filter>
    </ClInclude>
    <ClInclude Include="Source\Win32Window.h">
      <Filter>Source</Filter>
    </ClInclude>
  </ItemGroup>
</Project>
