<?xml version="1.0" encoding="utf-8"?>
<Project ToolsVersion="4.0" xmlns="http://schemas.microsoft.com/developer/msbuild/2003">
  <ItemGroup>
    <Filter Include="Source">
      <UniqueIdentifier>{F1AFEA92-1363-4BE6-B70C-2E07BD8532AF}</UniqueIdentifier>
    </Filter>
  </ItemGroup>
  <ItemGroup>
    <ClCompile Include="Source\Sprite.cpp">
      <Filter>Source</Filter>
    </ClCompile>
    <ClCompile Include="Source\SpriteRenderer.cpp">
      <Filter>Source</Filter>
    </ClCompile>
    <ClCompile Include="Source\TextureAssetRegistry.cpp">
      <Filter>Source</Filter>
    </ClCompile>
    <ClCompile Include="Source\Texture2D.cpp">
      <Filter>Source</Filter>
    </ClCompile>
  </ItemGroup>
  <ItemGroup>
    <ClInclude Include="Source\ITextureAssetResolver.h">
      <Filter>Source</Filter>
    </ClInclude>
    <ClInclude Include="Source\Sprite.h">
      <Filter>Source</Filter>
    </ClInclude>
    <ClInclude Include="Source\SpriteRenderMath.h">
      <Filter>Source</Filter>
    </ClInclude>
    <ClInclude Include="Source\SpriteRenderer.h">
      <Filter>Source</Filter>
    </ClInclude>
    <ClInclude Include="Source\TextureAssetRegistry.h">
      <Filter>Source</Filter>
    </ClInclude>
    <ClInclude Include="Source\Texture2D.h">
      <Filter>Source</Filter>
    </ClInclude>
  </ItemGroup>
</Project>
