<Solution>
  <Configurations>
    <Platform Name="x64" />
    <Platform Name="x86" />
  </Configurations>
  <Folder Name="/ソリューション項目/">
    <File Path=".gitattributes" />
    <File Path=".gitignore" />
    <File Path="AGENTS.md" />
    <File Path="README.md" />
  </Folder>
  <Folder Name="/ソリューション項目/.codex/" />
  <Folder Name="/ソリューション項目/.codex/skills/" />
  <Folder Name="/ソリューション項目/.codex/skills/xelqoria-issue-implementation/">
    <File Path=".codex/skills/xelqoria-issue-implementation/SKILL.md" />
  </Folder>
  <Folder Name="/ソリューション項目/.codex/skills/xelqoria-issue-implementation/agents/">
    <File Path=".codex/skills/xelqoria-issue-implementation/agents/openai.yaml" />
  </Folder>
  <Folder Name="/ソリューション項目/.codex/skills/xelqoria-local-branch-cleanup/">
    <File Path=".codex/skills/xelqoria-local-branch-cleanup/SKILL.md" />
  </Folder>
  <Folder Name="/ソリューション項目/.codex/skills/xelqoria-local-branch-cleanup/agents/">
    <File Path=".codex/skills/xelqoria-local-branch-cleanup/agents/openai.yaml" />
  </Folder>
  <Folder Name="/ソリューション項目/.codex/skills/xelqoria-parent-issue-implementation/">
    <File Path=".codex/skills/xelqoria-parent-issue-implementation/SKILL.md" />
  </Folder>
  <Folder Name="/ソリューション項目/.codex/skills/xelqoria-parent-issue-implementation/agents/">
    <File Path=".codex/skills/xelqoria-parent-issue-implementation/agents/openai.yaml" />
  </Folder>
  <Folder Name="/ソリューション項目/.github/" />
  <Folder Name="/ソリューション項目/.github/workflows/">
    <File Path=".github/workflows/auto-create-issue-branch.yml" />
  </Folder>
  <Folder Name="/ソリューション項目/docs/" />
  <Folder Name="/ソリューション項目/docs/agents/">
    <File Path="docs/agents/architecture.md" />
    <File Path="docs/agents/coding-rules.md" />
    <File Path="docs/agents/workflows.md" />
  </Folder>
  <Folder Name="/ソリューション項目/tools/">
    <File Path="tools/check-layer-dependencies.ps1" />
  </Folder>
  <Folder Name="/ソリューション項目/tools/tests/" />
  <Folder Name="/ソリューション項目/tools/tests/powershell/">
    <File Path="tools/tests/powershell/check-layer-dependencies.Tests.ps1" />
  </Folder>
  <Project Path="App/Xelqoria.App.vcxproj" Id="67f2121c-56d6-425e-adca-de9605ab0b9e" />
  <Project Path="Backends.D3D11/Xelqoria.Backends.D3D11.vcxproj" Id="d89979a3-9ede-4b5b-a2b1-2dd1db261114" />
  <Project Path="Backends.D3D12/Xelqoria.Backends.D3D12.vcxproj" Id="14484bbf-f4fb-48aa-9ce4-bd7cbe1b24a4" />
  <Project Path="Core/Xelqoria.Core.vcxproj" Id="79e8e826-7407-4766-b731-675cb84f6552" />
  <Project Path="Editor/Xelqoria.Editor.vcxproj" Id="2a2fc413-07f6-41d7-ab02-079ce112c042" />
  <Project Path="Game/Xelqoria.Game.vcxproj" Id="b43e8e97-59ef-4caa-8a27-bd9192d8833a" />
  <Project Path="Graphics/Xelqoria.Graphics.vcxproj" Id="7693792a-4ad4-445a-98f7-b90d6989a837" />
  <Project Path="RHI/Xelqoria.RHI.vcxproj" Id="158b81fc-b108-4237-8a37-eb8c6ef29392" />
  <Project Path="Tests.Game/Xelqoria.Tests.Game.vcxproj" Id="a151523d-013c-46e4-9d29-503283d8dd86" />
</Solution>
