<?xml version="1.0" encoding="utf-8"?>
<Project ToolsVersion="4.0" xmlns="http://schemas.microsoft.com/developer/msbuild/2003">
  <ItemGroup>
    <Filter Include="Source">
      <UniqueIdentifier>{F879A90A-5E6D-4D34-96B0-14B6D8A7D280}</UniqueIdentifier>
    </Filter>
    <Filter Include="Source\App">
      <UniqueIdentifier>{BD989C22-9F91-415B-A7F2-5A78D5562E58}</UniqueIdentifier>
    </Filter>
    <Filter Include="Source\Shell">
      <UniqueIdentifier>{E72E659B-5376-42FE-A2B4-B65C4E8AC2CF}</UniqueIdentifier>
    </Filter>
    <Filter Include="Source\Panels">
      <UniqueIdentifier>{1D2B503D-5874-4CF9-A243-2F62034D13B0}</UniqueIdentifier>
    </Filter>
    <Filter Include="Source\Panels\Assets">
      <UniqueIdentifier>{8B40937E-331D-4AE7-BC4A-162934087F50}</UniqueIdentifier>
    </Filter>
    <Filter Include="Source\Panels\Hierarchy">
      <UniqueIdentifier>{993C0199-3305-40F4-B147-2B5501760E12}</UniqueIdentifier>
    </Filter>
    <Filter Include="Source\Panels\Inspector">
      <UniqueIdentifier>{DEB51B5E-A474-4818-B9A6-AD5619559608}</UniqueIdentifier>
    </Filter>
    <Filter Include="Source\Panels\SceneView">
      <UniqueIdentifier>{C9D9775D-22B3-44A0-8E81-1A273E111584}</UniqueIdentifier>
    </Filter>
    <Filter Include="Source\Panels\LogOutput">
      <UniqueIdentifier>{9DC6342C-0525-4D9E-A304-D1E1F6E7DD58}</UniqueIdentifier>
    </Filter>
    <Filter Include="Source\SceneView">
      <UniqueIdentifier>{B38FBD41-E26D-4E62-B8B1-FFBA770A9CCD}</UniqueIdentifier>
    </Filter>
    <Filter Include="Source\Project">
      <UniqueIdentifier>{CA0C156A-3F49-4E73-950C-F366C93E9876}</UniqueIdentifier>
    </Filter>
    <Filter Include="Source\Commands">
      <UniqueIdentifier>{50C8D683-909B-4EA4-81D4-D7687F626F69}</UniqueIdentifier>
    </Filter>
    <Filter Include="Source\Assets">
      <UniqueIdentifier>{EBC9F30B-39C4-4C4D-BA6D-85CCB6335475}</UniqueIdentifier>
    </Filter>
    <Filter Include="Source\Script">
      <UniqueIdentifier>{50DC97BA-B88D-4322-BD82-1CDA19893A79}</UniqueIdentifier>
    </Filter>
    <Filter Include="Source\PlatformAdapters">
      <UniqueIdentifier>{BAA693C6-5CBD-44D0-800F-1F92C8816A73}</UniqueIdentifier>
    </Filter>
    <Filter Include="Source\Utils">
      <UniqueIdentifier>{5B812E17-CD6D-471C-B9EC-97E259F2FC9E}</UniqueIdentifier>
    </Filter>
    <Filter Include="Source\Rendering">
      <UniqueIdentifier>{765BE7DD-771C-4D42-B8C3-D04DA50CC92C}</UniqueIdentifier>
    </Filter>
    <Filter Include="Source\DragDrop">
      <UniqueIdentifier>{21F4F073-9C43-40FF-80D7-8CB39AE424B6}</UniqueIdentifier>
    </Filter>
  </ItemGroup>
  <ItemGroup>
    <ClCompile Include="Source\App\Application.cpp">
      <Filter>Source\App</Filter>
    </ClCompile>
    <ClCompile Include="Source\Panels\Assets\AssetsPanelController.cpp">
      <Filter>Source\Panels\Assets</Filter>
    </ClCompile>
    <ClCompile Include="Source\Panels\Assets\AssetsPanelView.cpp">
      <Filter>Source\Panels\Assets</Filter>
    </ClCompile>
    <ClCompile Include="Source\Commands\EditorCommandController.cpp">
      <Filter>Source\Commands</Filter>
    </ClCompile>
    <ClCompile Include="Source\Panels\EditorPanelViewBase.cpp">
      <Filter>Source\Panels</Filter>
    </ClCompile>
    <ClCompile Include="Source\Panels\EditorPanelHostContext.cpp">
      <Filter>Source\Panels</Filter>
    </ClCompile>
    <ClCompile Include="Source\Assets\EditorAssetPathUtils.cpp">
      <Filter>Source\Assets</Filter>
    </ClCompile>
    <ClCompile Include="Source\Project\EditorProject.cpp">
      <Filter>Source\Project</Filter>
    </ClCompile>
    <ClCompile Include="Source\Project\EditorSceneDocument.cpp">
      <Filter>Source\Project</Filter>
    </ClCompile>
    <ClCompile Include="Source\Shell\EditorDockingController.cpp">
      <Filter>Source\Shell</Filter>
    </ClCompile>
    <ClCompile Include="Source\Shell\EditorShell.cpp">
      <Filter>Source\Shell</Filter>
    </ClCompile>
    <ClCompile Include="Source\App\Entry.cpp">
      <Filter>Source\App</Filter>
    </ClCompile>
    <ClCompile Include="Source\Panels\Hierarchy\HierarchyPanelController.cpp">
      <Filter>Source\Panels\Hierarchy</Filter>
    </ClCompile>
    <ClCompile Include="Source\Panels\Hierarchy\HierarchyPanelView.cpp">
      <Filter>Source\Panels\Hierarchy</Filter>
    </ClCompile>
    <ClCompile Include="Source\Panels\Inspector\InspectorPanelController.cpp">
      <Filter>Source\Panels\Inspector</Filter>
    </ClCompile>
    <ClCompile Include="Source\Panels\Inspector\InspectorPanelView.cpp">
      <Filter>Source\Panels\Inspector</Filter>
    </ClCompile>
    <ClCompile Include="Source\Panels\LogOutput\LogOutputPanelController.cpp">
      <Filter>Source\Panels\LogOutput</Filter>
    </ClCompile>
    <ClCompile Include="Source\Panels\LogOutput\LogOutputPanelView.cpp">
      <Filter>Source\Panels\LogOutput</Filter>
    </ClCompile>
    <ClCompile Include="Source\Panels\Inspector\MaterialPanelController.cpp">
      <Filter>Source\Panels\Inspector</Filter>
    </ClCompile>
    <ClCompile Include="Source\Project\ProjectPanelController.cpp">
      <Filter>Source\Project</Filter>
    </ClCompile>
    <ClCompile Include="Source\Project\RecentProjectsStore.cpp">
      <Filter>Source\Project</Filter>
    </ClCompile>
    <ClCompile Include="Source\Rendering\RenderBackendBootstrap.cpp">
      <Filter>Source\Rendering</Filter>
    </ClCompile>
    <ClCompile Include="Source\App\StartupScreenController.cpp">
      <Filter>Source\App</Filter>
    </ClCompile>
    <ClCompile Include="Source\DragDrop\SceneDropPlacementService.cpp">
      <Filter>Source\DragDrop</Filter>
    </ClCompile>
    <ClCompile Include="Source\Commands\SceneCommandHistory.cpp">
      <Filter>Source\Commands</Filter>
    </ClCompile>
    <ClCompile Include="Source\Commands\SceneEditingOperations.cpp">
      <Filter>Source\Commands</Filter>
    </ClCompile>
    <ClCompile Include="Source\Panels\SceneView\SceneViewController.cpp">
      <Filter>Source\Panels\SceneView</Filter>
    </ClCompile>
    <ClCompile Include="Source\Panels\SceneView\SceneViewPanelView.cpp">
      <Filter>Source\Panels\SceneView</Filter>
    </ClCompile>
    <ClCompile Include="Source\SceneView\SceneViewInputTracker.cpp">
      <Filter>Source\SceneView</Filter>
    </ClCompile>
    <ClCompile Include="Source\SceneView\SceneViewRenderer.cpp">
      <Filter>Source\SceneView</Filter>
    </ClCompile>
    <ClCompile Include="Source\SceneView\SceneViewStatusPresenter.cpp">
      <Filter>Source\SceneView</Filter>
    </ClCompile>
    <ClCompile Include="Source\Assets\ScriptAssetService.cpp">
      <Filter>Source\Assets</Filter>
    </ClCompile>
    <ClCompile Include="Source\Script\ScriptRuntimeSession.cpp">
      <Filter>Source\Script</Filter>
    </ClCompile>
  </ItemGroup>
  <ItemGroup>
    <ClInclude Include="Source\App\Application.h">
      <Filter>Source\App</Filter>
    </ClInclude>
    <ClInclude Include="Source\Panels\Assets\AssetsPanelController.h">
      <Filter>Source\Panels\Assets</Filter>
    </ClInclude>
    <ClInclude Include="Source\Panels\Assets\AssetsPanelView.h">
      <Filter>Source\Panels\Assets</Filter>
    </ClInclude>
    <ClInclude Include="Source\PlatformAdapters\ButtonClickWin32Adapter.h">
      <Filter>Source\PlatformAdapters</Filter>
    </ClInclude>
    <ClInclude Include="Source\Commands\EditorCommandController.h">
      <Filter>Source\Commands</Filter>
    </ClInclude>
    <ClInclude Include="Source\Assets\EditorAssetPathUtils.h">
      <Filter>Source\Assets</Filter>
    </ClInclude>
    <ClInclude Include="Source\Project\EditorProject.h">
      <Filter>Source\Project</Filter>
    </ClInclude>
    <ClInclude Include="Source\Utils\EditorPathSecurity.h">
      <Filter>Source\Utils</Filter>
    </ClInclude>
    <ClInclude Include="Source\Project\EditorSceneDocument.h">
      <Filter>Source\Project</Filter>
    </ClInclude>
    <ClInclude Include="Source\Shell\EditorDockingController.h">
      <Filter>Source\Shell</Filter>
    </ClInclude>
    <ClInclude Include="Source\Shell\EditorShell.h">
      <Filter>Source\Shell</Filter>
    </ClInclude>
    <ClInclude Include="Source\Shell\EditorPanelId.h">
      <Filter>Source\Shell</Filter>
    </ClInclude>
    <ClInclude Include="Source\Utils\EditorStringUtils.h">
      <Filter>Source\Utils</Filter>
    </ClInclude>
    <ClInclude Include="Source\SceneView\EditorCamera2D.h">
      <Filter>Source\SceneView</Filter>
    </ClInclude>
    <ClInclude Include="Source\Panels\Hierarchy\HierarchyPanelController.h">
      <Filter>Source\Panels\Hierarchy</Filter>
    </ClInclude>
    <ClInclude Include="Source\Panels\Hierarchy\HierarchyPanelView.h">
      <Filter>Source\Panels\Hierarchy</Filter>
    </ClInclude>
    <ClInclude Include="Source\Panels\Inspector\InspectorPanelController.h">
      <Filter>Source\Panels\Inspector</Filter>
    </ClInclude>
    <ClInclude Include="Source\Panels\Inspector\InspectorPanelView.h">
      <Filter>Source\Panels\Inspector</Filter>
    </ClInclude>
    <ClInclude Include="Source\Panels\IEditorPanelView.h">
      <Filter>Source\Panels</Filter>
    </ClInclude>
    <ClInclude Include="Source\Panels\EditorPanelViewBase.h">
      <Filter>Source\Panels</Filter>
    </ClInclude>
    <ClInclude Include="Source\Panels\EditorPanelHostContext.h">
      <Filter>Source\Panels</Filter>
    </ClInclude>
    <ClInclude Include="Source\Panels\LogOutput\LogOutputPanelController.h">
      <Filter>Source\Panels\LogOutput</Filter>
    </ClInclude>
    <ClInclude Include="Source\Panels\LogOutput\LogOutputPanelView.h">
      <Filter>Source\Panels\LogOutput</Filter>
    </ClInclude>
    <ClInclude Include="Source\Panels\Inspector\MaterialPanelController.h">
      <Filter>Source\Panels\Inspector</Filter>
    </ClInclude>
    <ClInclude Include="Source\Project\ProjectPanelController.h">
      <Filter>Source\Project</Filter>
    </ClInclude>
    <ClInclude Include="Source\Project\RecentProjectsStore.h">
      <Filter>Source\Project</Filter>
    </ClInclude>
    <ClInclude Include="Source\Rendering\RenderBackendBootstrap.h">
      <Filter>Source\Rendering</Filter>
    </ClInclude>
    <ClInclude Include="Source\App\StartupScreenController.h">
      <Filter>Source\App</Filter>
    </ClInclude>
    <ClInclude Include="Source\DragDrop\SceneDropPlacementService.h">
      <Filter>Source\DragDrop</Filter>
    </ClInclude>
    <ClInclude Include="Source\Commands\SceneCommandHistory.h">
      <Filter>Source\Commands</Filter>
    </ClInclude>
    <ClInclude Include="Source\Commands\SceneEditingOperations.h">
      <Filter>Source\Commands</Filter>
    </ClInclude>
    <ClInclude Include="Source\Panels\SceneView\SceneViewController.h">
      <Filter>Source\Panels\SceneView</Filter>
    </ClInclude>
    <ClInclude Include="Source\Panels\SceneView\SceneViewPanelView.h">
      <Filter>Source\Panels\SceneView</Filter>
    </ClInclude>
    <ClInclude Include="Source\SceneView\SceneViewInputTracker.h">
      <Filter>Source\SceneView</Filter>
    </ClInclude>
    <ClInclude Include="Source\SceneView\SceneViewInteractionTypes.h">
      <Filter>Source\SceneView</Filter>
    </ClInclude>
    <ClInclude Include="Source\SceneView\SceneViewOverlay.h">
      <Filter>Source\SceneView</Filter>
    </ClInclude>
    <ClInclude Include="Source\SceneView\SceneViewRenderer.h">
      <Filter>Source\SceneView</Filter>
    </ClInclude>
    <ClInclude Include="Source\SceneView\SceneViewStatusPresenter.h">
      <Filter>Source\SceneView</Filter>
    </ClInclude>
    <ClInclude Include="Source\Assets\ScriptAssetService.h">
      <Filter>Source\Assets</Filter>
    </ClInclude>
    <ClInclude Include="Source\Script\ScriptRuntimeSession.h">
      <Filter>Source\Script</Filter>
    </ClInclude>
  </ItemGroup>
</Project>
