<?xml version="1.0" encoding="utf-8"?>
<Project ToolsVersion="4.0" xmlns="http://schemas.microsoft.com/developer/msbuild/2003">
  <ItemGroup>
    <Filter Include="Source">
      <UniqueIdentifier>{F879A90A-5E6D-4D34-96B0-14B6D8A7D280}</UniqueIdentifier>
    </Filter>
  </ItemGroup>
  <ItemGroup>
    <ClCompile Include="Source\Application.cpp">
      <Filter>Source</Filter>
    </ClCompile>
    <ClCompile Include="Source\AssetsPanelController.cpp">
      <Filter>Source</Filter>
    </ClCompile>
    <ClCompile Include="Source\EditorCommandController.cpp">
      <Filter>Source</Filter>
    </ClCompile>
    <ClCompile Include="Source\EditorAssetPathUtils.cpp">
      <Filter>Source</Filter>
    </ClCompile>
    <ClCompile Include="Source\EditorProject.cpp">
      <Filter>Source</Filter>
    </ClCompile>
    <ClCompile Include="Source\EditorSceneDocument.cpp">
      <Filter>Source</Filter>
    </ClCompile>
    <ClCompile Include="Source\EditorShell.cpp">
      <Filter>Source</Filter>
    </ClCompile>
    <ClCompile Include="Source\Entry.cpp">
      <Filter>Source</Filter>
    </ClCompile>
    <ClCompile Include="Source\HierarchyPanelController.cpp">
      <Filter>Source</Filter>
    </ClCompile>
    <ClCompile Include="Source\InspectorPanelController.cpp">
      <Filter>Source</Filter>
    </ClCompile>
    <ClCompile Include="Source\ProjectPanelController.cpp">
      <Filter>Source</Filter>
    </ClCompile>
    <ClCompile Include="Source\RecentProjectsStore.cpp">
      <Filter>Source</Filter>
    </ClCompile>
    <ClCompile Include="Source\RenderBackendBootstrap.cpp">
      <Filter>Source</Filter>
    </ClCompile>
    <ClCompile Include="Source\StartupScreenController.cpp">
      <Filter>Source</Filter>
    </ClCompile>
    <ClCompile Include="Source\SceneDropPlacementService.cpp">
      <Filter>Source</Filter>
    </ClCompile>
    <ClCompile Include="Source\SceneCommandHistory.cpp">
      <Filter>Source</Filter>
    </ClCompile>
    <ClCompile Include="Source\SceneEditingOperations.cpp">
      <Filter>Source</Filter>
    </ClCompile>
    <ClCompile Include="Source\SceneViewController.cpp">
      <Filter>Source</Filter>
    </ClCompile>
    <ClCompile Include="Source\SceneViewInputTracker.cpp">
      <Filter>Source</Filter>
    </ClCompile>
    <ClCompile Include="Source\SceneViewRenderer.cpp">
      <Filter>Source</Filter>
    </ClCompile>
    <ClCompile Include="Source\SceneViewStatusPresenter.cpp">
      <Filter>Source</Filter>
    </ClCompile>
  </ItemGroup>
  <ItemGroup>
    <ClInclude Include="Source\Application.h">
      <Filter>Source</Filter>
    </ClInclude>
    <ClInclude Include="Source\AssetsPanelController.h">
      <Filter>Source</Filter>
    </ClInclude>
    <ClInclude Include="Source\EditorCommandController.h">
      <Filter>Source</Filter>
    </ClInclude>
    <ClInclude Include="Source\EditorAssetPathUtils.h">
      <Filter>Source</Filter>
    </ClInclude>
    <ClInclude Include="Source\EditorProject.h">
      <Filter>Source</Filter>
    </ClInclude>
    <ClInclude Include="Source\EditorSceneDocument.h">
      <Filter>Source</Filter>
    </ClInclude>
    <ClInclude Include="Source\EditorShell.h">
      <Filter>Source</Filter>
    </ClInclude>
    <ClInclude Include="Source\EditorStringUtils.h">
      <Filter>Source</Filter>
    </ClInclude>
    <ClInclude Include="Source\EditorCamera2D.h">
      <Filter>Source</Filter>
    </ClInclude>
    <ClInclude Include="Source\HierarchyPanelController.h">
      <Filter>Source</Filter>
    </ClInclude>
    <ClInclude Include="Source\InspectorPanelController.h">
      <Filter>Source</Filter>
    </ClInclude>
    <ClInclude Include="Source\ProjectPanelController.h">
      <Filter>Source</Filter>
    </ClInclude>
    <ClInclude Include="Source\RecentProjectsStore.h">
      <Filter>Source</Filter>
    </ClInclude>
    <ClInclude Include="Source\RenderBackendBootstrap.h">
      <Filter>Source</Filter>
    </ClInclude>
    <ClInclude Include="Source\StartupScreenController.h">
      <Filter>Source</Filter>
    </ClInclude>
    <ClInclude Include="Source\SceneDropPlacementService.h">
      <Filter>Source</Filter>
    </ClInclude>
    <ClInclude Include="Source\SceneCommandHistory.h">
      <Filter>Source</Filter>
    </ClInclude>
    <ClInclude Include="Source\SceneEditingOperations.h">
      <Filter>Source</Filter>
    </ClInclude>
    <ClInclude Include="Source\SceneViewController.h">
      <Filter>Source</Filter>
    </ClInclude>
    <ClInclude Include="Source\SceneViewInputTracker.h">
      <Filter>Source</Filter>
    </ClInclude>
    <ClInclude Include="Source\SceneViewInteractionTypes.h">
      <Filter>Source</Filter>
    </ClInclude>
    <ClInclude Include="Source\SceneViewRenderer.h">
      <Filter>Source</Filter>
    </ClInclude>
    <ClInclude Include="Source\SceneViewStatusPresenter.h">
      <Filter>Source</Filter>
    </ClInclude>
  </ItemGroup>
</Project>
