<?xml version="1.0" encoding="utf-8"?>
<Project ToolsVersion="4.0" xmlns="http://schemas.microsoft.com/developer/msbuild/2003">
  <ItemGroup>
    <Filter Include="ヘッダー ファイル">
      <UniqueIdentifier>{93995380-89BD-4b04-88EB-625FBE52EBFB}</UniqueIdentifier>
      <Extensions>h;hh;hpp;hxx;h++;hm;inl;inc;ipp;xsd</Extensions>
    </Filter>
    <Filter Include="リソース ファイル">
      <UniqueIdentifier>{67DA6AB6-F800-4c08-8B7A-83BB121AAD01}</UniqueIdentifier>
      <Extensions>rc;ico;cur;bmp;dlg;rc2;rct;bin;rgs;gif;jpg;jpeg;jpe;resx;tiff;tif;png;wav;mfcribbon-ms</Extensions>
    </Filter>
    <Filter Include="Source">
      <UniqueIdentifier>{1b097c4a-59d8-4635-b6be-915246d17dc7}</UniqueIdentifier>
    </Filter>
    <Filter Include="Source\Engine">
      <UniqueIdentifier>{94c415de-24ea-439a-8cd6-0ae397c5c95b}</UniqueIdentifier>
    </Filter>
    <Filter Include="Source\Engine\Core">
      <UniqueIdentifier>{601b1ff0-6e88-40ea-825b-2d349cbe48ff}</UniqueIdentifier>
    </Filter>
    <Filter Include="Source\Engine\RHI">
      <UniqueIdentifier>{0659a55f-1069-4430-916f-40168bec7d4a}</UniqueIdentifier>
    </Filter>
    <Filter Include="Source\Engine\Backends">
      <UniqueIdentifier>{6da4ee9b-f774-4540-b28c-243e3261886f}</UniqueIdentifier>
    </Filter>
    <Filter Include="Source\Engine\Game">
      <UniqueIdentifier>{c8fe6067-75ff-4e31-971a-bf25ad280aa3}</UniqueIdentifier>
    </Filter>
    <Filter Include="Source\Engine\Backends\D3D11">
      <UniqueIdentifier>{55ae2bef-4dc4-4c4c-8345-121d59c80603}</UniqueIdentifier>
    </Filter>
    <Filter Include="Source\Engine\Entry">
      <UniqueIdentifier>{4a50150b-f4be-4eaf-96aa-2b7a8326ae78}</UniqueIdentifier>
    </Filter>
    <Filter Include="Source\Engine\Backends\D3D12">
      <UniqueIdentifier>{a4e9e790-693a-45b5-9db4-50fe0df3f1a7}</UniqueIdentifier>
    </Filter>
  </ItemGroup>
  <ItemGroup>
    <Image Include="Resource\64606000_p0.png">
      <Filter>リソース ファイル</Filter>
    </Image>
    <Image Include="Resource\mapchip.png">
      <Filter>リソース ファイル</Filter>
    </Image>
    <Image Include="Resource\無題.png">
      <Filter>リソース ファイル</Filter>
    </Image>
  </ItemGroup>
  <ItemGroup>
    <None Include="Resource\untitled.fbx">
      <Filter>リソース ファイル</Filter>
    </None>
  </ItemGroup>
  <ItemGroup>
    <ClCompile Include="Source\Engine\Backends\D3D11\D3D11GraphicsContext.cpp">
      <Filter>Source\Engine\Backends\D3D11</Filter>
    </ClCompile>
    <ClCompile Include="Source\Engine\Core\Application.cpp">
      <Filter>Source\Engine\Core</Filter>
    </ClCompile>
    <ClCompile Include="Source\Engine\Core\Window.cpp">
      <Filter>Source\Engine\Core</Filter>
    </ClCompile>
    <ClCompile Include="Source\Engine\RHI\GraphicsContextFactory.cpp">
      <Filter>Source\Engine\RHI</Filter>
    </ClCompile>
    <ClCompile Include="Source\Engine\Entry\Entry.cpp">
      <Filter>Source\Engine\Entry</Filter>
    </ClCompile>
    <ClCompile Include="Source\Engine\Backends\D3D12\D3D12GraphicsContext.cpp">
      <Filter>Source\Engine\Backends\D3D12</Filter>
    </ClCompile>
  </ItemGroup>
  <ItemGroup>
    <ClInclude Include="Source\Engine\Backends\D3D11\D3D11GraphicsContext.h">
      <Filter>Source\Engine\Backends\D3D11</Filter>
    </ClInclude>
    <ClInclude Include="Source\Engine\RHI\IGraphicsContext.h">
      <Filter>Source\Engine\RHI</Filter>
    </ClInclude>
    <ClInclude Include="Source\Engine\Core\Application.h">
      <Filter>Source\Engine\Core</Filter>
    </ClInclude>
    <ClInclude Include="Source\Engine\Core\Window.h">
      <Filter>Source\Engine\Core</Filter>
    </ClInclude>
    <ClInclude Include="Source\Engine\RHI\GraphicsAPI.h">
      <Filter>Source\Engine\RHI</Filter>
    </ClInclude>
    <ClInclude Include="Source\Engine\RHI\GraphicsContextFactory.h">
      <Filter>Source\Engine\RHI</Filter>
    </ClInclude>
    <ClInclude Include="Source\Engine\Backends\D3D12\D3D12GraphicsContext.h">
      <Filter>Source\Engine\Backends\D3D12</Filter>
    </ClInclude>
  </ItemGroup>
</Project>