<?xml version="1.0" encoding="utf-8"?>
<Project ToolsVersion="4.0" xmlns="http://schemas.microsoft.com/developer/msbuild/2003">
  <ItemGroup>
    <Filter Include="ソース ファイル">
      <UniqueIdentifier>{4B59B93D-31F2-4A31-9A7E-F4C89B56E198}</UniqueIdentifier>
      <Extensions>cpp;c;cxx;ixx;def;odl;idl;hpj;bat;asm;asmx</Extensions>
    </Filter>
    <Filter Include="ヘッダー ファイル">
      <UniqueIdentifier>{4B80E0F6-C50A-4500-A19F-C221BB4C5A97}</UniqueIdentifier>
      <Extensions>h;hh;hpp;hxx;h++;hm;inl;inc;ipp;xsd</Extensions>
    </Filter>
    <Filter Include="リソース ファイル">
      <UniqueIdentifier>{67DA6AB6-F800-4C08-8B7A-83BB121AAD01}</UniqueIdentifier>
      <Extensions>rc;ico;cur;bmp;dlg;rc2;rct;bin;rgs;gif;jpg;jpeg;jpe;resx;tiff;tif;png;wav;mfcribbon-ms</Extensions>
    </Filter>
    <Filter Include="Source\Engine\Core">
      <UniqueIdentifier>{601B1FF0-6E88-40EA-825B-2D349CBE48FF}</UniqueIdentifier>
    </Filter>
    <Filter Include="Source\Engine\Entry">
      <UniqueIdentifier>{4A50150B-F4BE-4EAF-96AA-2B7A8326AE78}</UniqueIdentifier>
    </Filter>
  </ItemGroup>
  <ItemGroup>
    <Image Include="Resource\64606000_p0.png">
      <Filter>リソース ファイル</Filter>
    </Image>
    <Image Include="Resource\mapchip.png">
      <Filter>リソース ファイル</Filter>
    </Image>
    <Image Include="Resource\無題.png">
      <Filter>リソース ファイル</Filter>
    </Image>
    <None Include="Resource\untitled.fbx">
      <Filter>リソース ファイル</Filter>
    </None>
  </ItemGroup>
  <ItemGroup>
    <ClCompile Include="Source\Engine\Core\Application.cpp">
      <Filter>Source\Engine\Core</Filter>
    </ClCompile>
    <ClCompile Include="Source\Engine\Core\GraphicsContextFactory.cpp">
      <Filter>Source\Engine\Core</Filter>
    </ClCompile>
    <ClCompile Include="Source\Engine\Core\Window.cpp">
      <Filter>Source\Engine\Core</Filter>
    </ClCompile>
    <ClCompile Include="Source\Engine\Entry\Entry.cpp">
      <Filter>Source\Engine\Entry</Filter>
    </ClCompile>
  </ItemGroup>
  <ItemGroup>
    <ClInclude Include="Source\Engine\Core\Application.h">
      <Filter>Source\Engine\Core</Filter>
    </ClInclude>
    <ClInclude Include="Source\Engine\Core\GraphicsContextFactory.h">
      <Filter>Source\Engine\Core</Filter>
    </ClInclude>
    <ClInclude Include="Source\Engine\Core\Window.h">
      <Filter>Source\Engine\Core</Filter>
    </ClInclude>
  </ItemGroup>
</Project>
