<?xml version="1.0" encoding="utf-8"?>
<Project ToolsVersion="4.0" xmlns="http://schemas.microsoft.com/developer/msbuild/2003">
  <ItemGroup>
    <Filter Include="Source">
      <UniqueIdentifier>{4E1F6204-E6C2-4ECF-8716-2FA9E1AE2105}</UniqueIdentifier>
    </Filter>
  </ItemGroup>
  <ItemGroup>
    <ClCompile Include="Source\EditorCamera2DTests.cpp">
      <Filter>Source</Filter>
    </ClCompile>
  </ItemGroup>
</Project>
